
Microsoft Visual Studio Solution File, Format Version 12.00
# Visual Studio 15
VisualStudioVersion = 15.0.28010.2016
MinimumVisualStudioVersion = 10.0.40219.1
Project("{FAE04EC0-301F-11D3-BF4B-00C04F79EFBC}") = "ChatRoom", "ChatRoom\ChatRoom.csproj", "{78EA1E2C-BEB8-4A8B-8C08-C84107583E09}"
EndProject
Global
	GlobalSection(SolutionConfigurationPlatforms) = preSolution
		Debug|Any CPU = Debug|Any CPU
		Release|Any CPU = Release|Any CPU
	EndGlobalSection
	GlobalSection(ProjectConfigurationPlatforms) = postSolution
		{78EA1E2C-BEB8-4A8B-8C08-C84107583E09}.Debug|Any CPU.ActiveCfg = Debug|Any CPU
		{78EA1E2C-BEB8-4A8B-8C08-C84107583E09}.Debug|Any CPU.Build.0 = Debug|Any CPU
		{78EA1E2C-BEB8-4A8B-8C08-C84107583E09}.Release|Any CPU.ActiveCfg = Release|Any CPU
		{78EA1E2C-BEB8-4A8B-8C08-C84107583E09}.Release|Any CPU.Build.0 = Release|Any CPU
	EndGlobalSection
	GlobalSection(SolutionProperties) = preSolution
		HideSolutionNode = FALSE
	EndGlobalSection
	GlobalSection(ExtensibilityGlobals) = postSolution
		SolutionGuid = {02A60F71-D30F-4725-ACA7-8253C21D9436}
	EndGlobalSection
EndGlobal
